
Microsoft Visual Studio Solution File, Format Version 12.00
# Visual Studio Version 17
VisualStudioVersion = 17.13.35731.43
MinimumVisualStudioVersion = 10.0.40219.1
Project("{2150E333-8FDC-42A3-9474-1A3956D46DE8}") = "Core", "Core", "{02EA681E-C7D8-13C7-8484-4AC65E1B71E8}"
EndProject
Project("{2150E333-8FDC-42A3-9474-1A3956D46DE8}") = "Frontends", "Frontends", "{8B372EB9-4291-45CF-AEE9-6AB25ECF9B22}"
EndProject
Project("{2150E333-8FDC-42A3-9474-1A3956D46DE8}") = "Infrastructure", "Infrastructure", "{D64ADA40-E1CF-4791-9E1B-9A713021AE6A}"
EndProject
Project("{2150E333-8FDC-42A3-9474-1A3956D46DE8}") = "Presentation", "Presentation", "{89C6E069-CF65-4A69-B656-C6CD2F36D465}"
EndProject
Project("{2150E333-8FDC-42A3-9474-1A3956D46DE8}") = "Requirements", "Requirements", "{C06705CC-7F9A-43BA-A1F7-EDECDACC206E}"
EndProject
Project("{FAE04EC0-301F-11D3-BF4B-00C04F79EFBC}") = "MovieApi.Domain", "Core\MovieApi.Domain\MovieApi.Domain.csproj", "{1E97A0B1-DE27-4A10-BF86-620DA2A835CF}"
EndProject
Project("{FAE04EC0-301F-11D3-BF4B-00C04F79EFBC}") = "MovieApi.Persistence", "Infrastructure\MovieApi.Persistence\MovieApi.Persistence.csproj", "{C3BBD484-45E6-4E66-BF82-E1A197FEEC86}"
EndProject
Project("{FAE04EC0-301F-11D3-BF4B-00C04F79EFBC}") = "MovieApi.WebApi", "Presentation\MovieApi.WebApi\MovieApi.WebApi.csproj", "{17078F05-52D4-4B99-B2AD-BFAF52C3A71E}"
EndProject
Project("{FAE04EC0-301F-11D3-BF4B-00C04F79EFBC}") = "MovieApi.Application", "Core\MovieApi.Application\MovieApi.Application.csproj", "{5FAC3430-9FF4-44EF-8A7C-59F5651BB600}"
EndProject
Project("{FAE04EC0-301F-11D3-BF4B-00C04F79EFBC}") = "MovieApi.WebUI", "Frontends\MovieApi.WebApi\MovieApi.WebUI.csproj", "{E8314041-AE53-48A4-BCAF-D1D5FE27D344}"
EndProject
Project("{FAE04EC0-301F-11D3-BF4B-00C04F79EFBC}") = "MovieApi.Dto", "Frontends\MovieApi.Dto\MovieApi.Dto.csproj", "{E46CC7A6-25F6-47B2-8B72-610BEB83C1DC}"
EndProject
Global
	GlobalSection(SolutionConfigurationPlatforms) = preSolution
		Debug|Any CPU = Debug|Any CPU
		Release|Any CPU = Release|Any CPU
	EndGlobalSection
	GlobalSection(ProjectConfigurationPlatforms) = postSolution
		{1E97A0B1-DE27-4A10-BF86-620DA2A835CF}.Debug|Any CPU.ActiveCfg = Debug|Any CPU
		{1E97A0B1-DE27-4A10-BF86-620DA2A835CF}.Debug|Any CPU.Build.0 = Debug|Any CPU
		{1E97A0B1-DE27-4A10-BF86-620DA2A835CF}.Release|Any CPU.ActiveCfg = Release|Any CPU
		{1E97A0B1-DE27-4A10-BF86-620DA2A835CF}.Release|Any CPU.Build.0 = Release|Any CPU
		{C3BBD484-45E6-4E66-BF82-E1A197FEEC86}.Debug|Any CPU.ActiveCfg = Debug|Any CPU
		{C3BBD484-45E6-4E66-BF82-E1A197FEEC86}.Debug|Any CPU.Build.0 = Debug|Any CPU
		{C3BBD484-45E6-4E66-BF82-E1A197FEEC86}.Release|Any CPU.ActiveCfg = Release|Any CPU
		{C3BBD484-45E6-4E66-BF82-E1A197FEEC86}.Release|Any CPU.Build.0 = Release|Any CPU
		{17078F05-52D4-4B99-B2AD-BFAF52C3A71E}.Debug|Any CPU.ActiveCfg = Debug|Any CPU
		{17078F05-52D4-4B99-B2AD-BFAF52C3A71E}.Debug|Any CPU.Build.0 = Debug|Any CPU
		{17078F05-52D4-4B99-B2AD-BFAF52C3A71E}.Release|Any CPU.ActiveCfg = Release|Any CPU
		{17078F05-52D4-4B99-B2AD-BFAF52C3A71E}.Release|Any CPU.Build.0 = Release|Any CPU
		{5FAC3430-9FF4-44EF-8A7C-59F5651BB600}.Debug|Any CPU.ActiveCfg = Debug|Any CPU
		{5FAC3430-9FF4-44EF-8A7C-59F5651BB600}.Debug|Any CPU.Build.0 = Debug|Any CPU
		{5FAC3430-9FF4-44EF-8A7C-59F5651BB600}.Release|Any CPU.ActiveCfg = Release|Any CPU
		{5FAC3430-9FF4-44EF-8A7C-59F5651BB600}.Release|Any CPU.Build.0 = Release|Any CPU
		{E8314041-AE53-48A4-BCAF-D1D5FE27D344}.Debug|Any CPU.ActiveCfg = Debug|Any CPU
		{E8314041-AE53-48A4-BCAF-D1D5FE27D344}.Debug|Any CPU.Build.0 = Debug|Any CPU
		{E8314041-AE53-48A4-BCAF-D1D5FE27D344}.Release|Any CPU.ActiveCfg = Release|Any CPU
		{E8314041-AE53-48A4-BCAF-D1D5FE27D344}.Release|Any CPU.Build.0 = Release|Any CPU
		{E46CC7A6-25F6-47B2-8B72-610BEB83C1DC}.Debug|Any CPU.ActiveCfg = Debug|Any CPU
		{E46CC7A6-25F6-47B2-8B72-610BEB83C1DC}.Debug|Any CPU.Build.0 = Debug|Any CPU
		{E46CC7A6-25F6-47B2-8B72-610BEB83C1DC}.Release|Any CPU.ActiveCfg = Release|Any CPU
		{E46CC7A6-25F6-47B2-8B72-610BEB83C1DC}.Release|Any CPU.Build.0 = Release|Any CPU
	EndGlobalSection
	GlobalSection(SolutionProperties) = preSolution
		HideSolutionNode = FALSE
	EndGlobalSection
	GlobalSection(NestedProjects) = preSolution
		{1E97A0B1-DE27-4A10-BF86-620DA2A835CF} = {02EA681E-C7D8-13C7-8484-4AC65E1B71E8}
		{C3BBD484-45E6-4E66-BF82-E1A197FEEC86} = {D64ADA40-E1CF-4791-9E1B-9A713021AE6A}
		{17078F05-52D4-4B99-B2AD-BFAF52C3A71E} = {89C6E069-CF65-4A69-B656-C6CD2F36D465}
		{5FAC3430-9FF4-44EF-8A7C-59F5651BB600} = {02EA681E-C7D8-13C7-8484-4AC65E1B71E8}
		{E8314041-AE53-48A4-BCAF-D1D5FE27D344} = {8B372EB9-4291-45CF-AEE9-6AB25ECF9B22}
		{E46CC7A6-25F6-47B2-8B72-610BEB83C1DC} = {8B372EB9-4291-45CF-AEE9-6AB25ECF9B22}
	EndGlobalSection
	GlobalSection(ExtensibilityGlobals) = postSolution
		SolutionGuid = {D3BE4B9D-65DA-4CCE-8790-DE1F60D0BBFD}
	EndGlobalSection
EndGlobal
